<?xml version="1.0" encoding="utf-8"?>
<Project ToolsVersion="4.0" xmlns="http://schemas.microsoft.com/developer/msbuild/2003">
  <ItemGroup>
    <ClCompile Include="source\AudioCodecs\AudioFile.cpp">
      <Filter>AudioCodecs</Filter>
    </ClCompile>
    <ClCompile Include="source\AudioCodecs\FlacDecoder.cpp">
      <Filter>AudioCodecs</Filter>
    </ClCompile>
    <ClCompile Include="source\AudioCodecs\FlacEncoder.cpp">
      <Filter>AudioCodecs</Filter>
    </ClCompile>
    <ClCompile Include="source\AudioCodecs\MpegDecoder.cpp">
      <Filter>AudioCodecs</Filter>
    </ClCompile>
    <ClCompile Include="source\AudioCodecs\MpegEncoder.cpp">
      <Filter>AudioCodecs</Filter>
    </ClCompile>
    <ClCompile Include="source\AudioCodecs\OpusDecoder.cpp">
      <Filter>AudioCodecs</Filter>
    </ClCompile>
    <ClCompile Include="source\AudioCodecs\OpusEncoder.cpp">
      <Filter>AudioCodecs</Filter>
    </ClCompile>
    <ClCompile Include="source\AudioCodecs\VorbisDecoder.cpp">
      <Filter>AudioCodecs</Filter>
    </ClCompile>
    <ClCompile Include="source\AudioCodecs\VorbisEncoder.cpp">
      <Filter>AudioCodecs</Filter>
    </ClCompile>
    <ClCompile Include="source\AudioCodecs\WaveDecoder.cpp">
      <Filter>AudioCodecs</Filter>
    </ClCompile>
    <ClCompile Include="source\AudioCodecs\WaveEncoder.cpp">
      <Filter>AudioCodecs</Filter>
    </ClCompile>
    <ClCompile Include="source\Auxiliary\FixedStream.cpp">
      <Filter>Auxiliary</Filter>
    </ClCompile>
    <ClCompile Include="source\Auxiliary\VectorStream.cpp">
      <Filter>Auxiliary</Filter>
    </ClCompile>
    <ClCompile Include="source\BusinessLogic\AudioConverter\AudioConverter.cpp">
      <Filter>BusinessLogic\AudioConverter</Filter>
    </ClCompile>
    <ClCompile Include="source\BusinessLogic\AudioConverter\AudioConverterAPI.cpp">
      <Filter>BusinessLogic\AudioConverter</Filter>
    </ClCompile>
    <ClCompile Include="platform\windows\dllmain.cpp" />
    <ClCompile Include="platform\windows\stdafx.cpp" />
  </ItemGroup>
  <ItemGroup>
    <ClInclude Include="source\AudioCodecs\AudioFile.h">
      <Filter>AudioCodecs</Filter>
    </ClInclude>
    <ClInclude Include="source\AudioCodecs\AudioMetadata.h">
      <Filter>AudioCodecs</Filter>
    </ClInclude>
    <ClInclude Include="source\AudioCodecs\AudioSink.h">
      <Filter>AudioCodecs</Filter>
    </ClInclude>
    <ClInclude Include="source\AudioCodecs\FlacDecoder.h">
      <Filter>AudioCodecs</Filter>
    </ClInclude>
    <ClInclude Include="source\AudioCodecs\FlacEncoder.h">
      <Filter>AudioCodecs</Filter>
    </ClInclude>
    <ClInclude Include="source\AudioCodecs\MpegDecoder.h">
      <Filter>AudioCodecs</Filter>
    </ClInclude>
    <ClInclude Include="source\AudioCodecs\MpegEncoder.h">
      <Filter>AudioCodecs</Filter>
    </ClInclude>
    <ClInclude Include="source\AudioCodecs\OpusDecoder.h">
      <Filter>AudioCodecs</Filter>
    </ClInclude>
    <ClInclude Include="source\AudioCodecs\OpusEncoder.h">
      <Filter>AudioCodecs</Filter>
    </ClInclude>
    <ClInclude Include="source\AudioCodecs\VorbisDecoder.h">
      <Filter>AudioCodecs</Filter>
    </ClInclude>
    <ClInclude Include="source\AudioCodecs\VorbisEncoder.h">
      <Filter>AudioCodecs</Filter>
    </ClInclude>
    <ClInclude Include="source\AudioCodecs\WaveDecoder.h">
      <Filter>AudioCodecs</Filter>
    </ClInclude>
    <ClInclude Include="source\AudioCodecs\WaveEncoder.h">
      <Filter>AudioCodecs</Filter>
    </ClInclude>
    <ClInclude Include="source\Auxiliary\ChunkedStorage.h">
      <Filter>Auxiliary</Filter>
    </ClInclude>
    <ClInclude Include="source\Auxiliary\CompressedStorage.h">
      <Filter>Auxiliary</Filter>
    </ClInclude>
    <ClInclude Include="source\Auxiliary\FixedStream.h">
      <Filter>Auxiliary</Filter>
    </ClInclude>
    <ClInclude Include="source\Auxiliary\IStream.h">
      <Filter>Auxiliary</Filter>
    </ClInclude>
    <ClInclude Include="source\Auxiliary\JsonPrinter.h">
      <Filter>Auxiliary</Filter>
    </ClInclude>
    <ClInclude Include="source\Auxiliary\Miscellaneous.h">
      <Filter>Auxiliary</Filter>
    </ClInclude>
    <ClInclude Include="source\Auxiliary\VectorStream.h">
      <Filter>Auxiliary</Filter>
    </ClInclude>
    <ClInclude Include="source\BusinessLogic\AudioConverter\AudioConverter.h">
      <Filter>BusinessLogic\AudioConverter</Filter>
    </ClInclude>
    <ClInclude Include="source\BusinessLogic\AudioConverter\AudioConverterAPI.h">
      <Filter>BusinessLogic\AudioConverter</Filter>
    </ClInclude>
    <ClInclude Include="platform\windows\resource.h" />
    <ClInclude Include="platform\windows\stdafx.h" />
    <ClInclude Include="source\Auxiliary\FixedArray.h">
      <Filter>Auxiliary</Filter>
    </ClInclude>
  </ItemGroup>
  <ItemGroup>
    <Filter Include="AudioCodecs">
      <UniqueIdentifier>{eeda7a59-2392-410c-9d29-076cf831fb68}</UniqueIdentifier>
    </Filter>
    <Filter Include="Auxiliary">
      <UniqueIdentifier>{f20c0448-bded-4bcf-8a79-0fe86cf180f6}</UniqueIdentifier>
    </Filter>
    <Filter Include="BusinessLogic">
      <UniqueIdentifier>{bb1d3bdc-29d2-4e91-9a4b-07cc789a2ada}</UniqueIdentifier>
    </Filter>
    <Filter Include="BusinessLogic\AudioConverter">
      <UniqueIdentifier>{699f7518-861d-4257-8c2a-e762c0c43089}</UniqueIdentifier>
    </Filter>
  </ItemGroup>
  <ItemGroup>
    <Manifest Include="platform\windows\audioconvert.manifest" />
  </ItemGroup>
  <ItemGroup>
    <ResourceCompile Include="platform\windows\audioconvert.rc" />
  </ItemGroup>
</Project>